{
    "_meta": {
        "hash": {
            "sha256": "e436b9ef195c8e106c29aaf6498a406f793a140fd0bb121ff0f8eede04afde05"
        },
        "pipfile-spec": 6,
        "requires": {
            "python_version": "3.10"
        },
        "sources": [
            {
                "name": "pypi",
                "url": "https://pypi.org/simple",
                "verify_ssl": true
            }
        ]
    },
    "default": {
        "myenv": {
            "hashes": [
                "sha256:530cf9c08d4e7361421705143b02b527964386343777029c96c3163c87b3752f",
                "sha256:739c0ed411fc8a9c24b07f7834edcaaeeac994fff0e6da9d711d10e327225fef"
            ],
            "index": "pypi",
            "version": "==201902.7"
        }
    },
    "develop": {}
}
